
Microsoft Visual Studio Solution File, Format Version 12.00
# Visual Studio Version 16
VisualStudioVersion = 16.0.29613.14
MinimumVisualStudioVersion = 10.0.40219.1
Project("{9A19103F-16F7-4668-BE54-9A1E7A4F7556}") = "SkiaSharp.QrCode", "src\SkiaSharp.QrCode\SkiaSharp.QrCode.csproj", "{0850349B-4894-4190-B04C-EB6986529185}"
EndProject
Project("{2150E333-8FDC-42A3-9474-1A3956D46DE8}") = "src", "src", "{8C639322-95F9-438F-8B71-1890FB797E25}"
EndProject
Project("{2150E333-8FDC-42A3-9474-1A3956D46DE8}") = "samples", "samples", "{C4DBE18B-7128-4E6E-B5C6-F18E4DA5D616}"
EndProject
Project("{9A19103F-16F7-4668-BE54-9A1E7A4F7556}") = "ManualGenerate", "sample\ManualGenerate\ManualGenerate.csproj", "{72A72621-F8FA-4A0F-845C-06F2BA2DB114}"
EndProject
Project("{9A19103F-16F7-4668-BE54-9A1E7A4F7556}") = "SimpleGenerate", "sample\SimpleGenerate\SimpleGenerate.csproj", "{096520D5-85EC-4AC5-BDE4-7F11B5874EDA}"
EndProject
Project("{9A19103F-16F7-4668-BE54-9A1E7A4F7556}") = "NanoServerGenerate.2.2", "sample\NanoServerGenerate.2.2\NanoServerGenerate.2.2.csproj", "{BB6B4CE2-A9AA-4CBA-A0EA-CA9EEC6024D9}"
EndProject
Project("{9A19103F-16F7-4668-BE54-9A1E7A4F7556}") = "NanoServerGenerate.3.1", "sample\NanoServerGenerate.3.1\NanoServerGenerate.3.1.csproj", "{2FCFFF3C-FBA0-42A2-942C-8CB6E5835CE3}"
EndProject
Project("{2150E333-8FDC-42A3-9474-1A3956D46DE8}") = "tests", "tests", "{D411A8A1-96FC-495F-9583-4C154DF25240}"
EndProject
Project("{FAE04EC0-301F-11D3-BF4B-00C04F79EFBC}") = "SkiaSharp.QrCodeUnitTest", "tests\SkiaSharp.QrCodeUnitTest\SkiaSharp.QrCodeUnitTest.csproj", "{DECFF371-3592-4855-A465-1845DEF972A1}"
EndProject
Global
	GlobalSection(SolutionConfigurationPlatforms) = preSolution
		Debug|Any CPU = Debug|Any CPU
		Release|Any CPU = Release|Any CPU
	EndGlobalSection
	GlobalSection(ProjectConfigurationPlatforms) = postSolution
		{0850349B-4894-4190-B04C-EB6986529185}.Debug|Any CPU.ActiveCfg = Debug|Any CPU
		{0850349B-4894-4190-B04C-EB6986529185}.Debug|Any CPU.Build.0 = Debug|Any CPU
		{0850349B-4894-4190-B04C-EB6986529185}.Release|Any CPU.ActiveCfg = Release|Any CPU
		{0850349B-4894-4190-B04C-EB6986529185}.Release|Any CPU.Build.0 = Release|Any CPU
		{72A72621-F8FA-4A0F-845C-06F2BA2DB114}.Debug|Any CPU.ActiveCfg = Debug|Any CPU
		{72A72621-F8FA-4A0F-845C-06F2BA2DB114}.Debug|Any CPU.Build.0 = Debug|Any CPU
		{72A72621-F8FA-4A0F-845C-06F2BA2DB114}.Release|Any CPU.ActiveCfg = Release|Any CPU
		{72A72621-F8FA-4A0F-845C-06F2BA2DB114}.Release|Any CPU.Build.0 = Release|Any CPU
		{096520D5-85EC-4AC5-BDE4-7F11B5874EDA}.Debug|Any CPU.ActiveCfg = Debug|Any CPU
		{096520D5-85EC-4AC5-BDE4-7F11B5874EDA}.Debug|Any CPU.Build.0 = Debug|Any CPU
		{096520D5-85EC-4AC5-BDE4-7F11B5874EDA}.Release|Any CPU.ActiveCfg = Release|Any CPU
		{096520D5-85EC-4AC5-BDE4-7F11B5874EDA}.Release|Any CPU.Build.0 = Release|Any CPU
		{BB6B4CE2-A9AA-4CBA-A0EA-CA9EEC6024D9}.Debug|Any CPU.ActiveCfg = Debug|Any CPU
		{BB6B4CE2-A9AA-4CBA-A0EA-CA9EEC6024D9}.Debug|Any CPU.Build.0 = Debug|Any CPU
		{BB6B4CE2-A9AA-4CBA-A0EA-CA9EEC6024D9}.Release|Any CPU.ActiveCfg = Release|Any CPU
		{BB6B4CE2-A9AA-4CBA-A0EA-CA9EEC6024D9}.Release|Any CPU.Build.0 = Release|Any CPU
		{2FCFFF3C-FBA0-42A2-942C-8CB6E5835CE3}.Debug|Any CPU.ActiveCfg = Debug|Any CPU
		{2FCFFF3C-FBA0-42A2-942C-8CB6E5835CE3}.Debug|Any CPU.Build.0 = Debug|Any CPU
		{2FCFFF3C-FBA0-42A2-942C-8CB6E5835CE3}.Release|Any CPU.ActiveCfg = Release|Any CPU
		{2FCFFF3C-FBA0-42A2-942C-8CB6E5835CE3}.Release|Any CPU.Build.0 = Release|Any CPU
		{DECFF371-3592-4855-A465-1845DEF972A1}.Debug|Any CPU.ActiveCfg = Debug|Any CPU
		{DECFF371-3592-4855-A465-1845DEF972A1}.Debug|Any CPU.Build.0 = Debug|Any CPU
		{DECFF371-3592-4855-A465-1845DEF972A1}.Release|Any CPU.ActiveCfg = Release|Any CPU
		{DECFF371-3592-4855-A465-1845DEF972A1}.Release|Any CPU.Build.0 = Release|Any CPU
	EndGlobalSection
	GlobalSection(SolutionProperties) = preSolution
		HideSolutionNode = FALSE
	EndGlobalSection
	GlobalSection(NestedProjects) = preSolution
		{0850349B-4894-4190-B04C-EB6986529185} = {8C639322-95F9-438F-8B71-1890FB797E25}
		{72A72621-F8FA-4A0F-845C-06F2BA2DB114} = {C4DBE18B-7128-4E6E-B5C6-F18E4DA5D616}
		{096520D5-85EC-4AC5-BDE4-7F11B5874EDA} = {C4DBE18B-7128-4E6E-B5C6-F18E4DA5D616}
		{BB6B4CE2-A9AA-4CBA-A0EA-CA9EEC6024D9} = {C4DBE18B-7128-4E6E-B5C6-F18E4DA5D616}
		{2FCFFF3C-FBA0-42A2-942C-8CB6E5835CE3} = {C4DBE18B-7128-4E6E-B5C6-F18E4DA5D616}
		{DECFF371-3592-4855-A465-1845DEF972A1} = {D411A8A1-96FC-495F-9583-4C154DF25240}
	EndGlobalSection
	GlobalSection(ExtensibilityGlobals) = postSolution
		SolutionGuid = {D0A3AD8D-B614-4A6D-AB7E-6A6993495E0F}
	EndGlobalSection
EndGlobal
