
Microsoft Visual Studio Solution File, Format Version 12.00
# Visual Studio 15
VisualStudioVersion = 15.0.28307.168
MinimumVisualStudioVersion = 10.0.40219.1
Project("{9A19103F-16F7-4668-BE54-9A1E7A4F7556}") = "SkiaSharp.QrCode", "src\SkiaSharp.QrCode\SkiaSharp.QrCode.csproj", "{0850349B-4894-4190-B04C-EB6986529185}"
EndProject
Project("{2150E333-8FDC-42A3-9474-1A3956D46DE8}") = "src", "src", "{8C639322-95F9-438F-8B71-1890FB797E25}"
EndProject
Project("{2150E333-8FDC-42A3-9474-1A3956D46DE8}") = "samples", "samples", "{C4DBE18B-7128-4E6E-B5C6-F18E4DA5D616}"
EndProject
Project("{9A19103F-16F7-4668-BE54-9A1E7A4F7556}") = "ManualGenerate", "sample\ManualGenerate\ManualGenerate.csproj", "{72A72621-F8FA-4A0F-845C-06F2BA2DB114}"
EndProject
Project("{FAE04EC0-301F-11D3-BF4B-00C04F79EFBC}") = "SimpleGenerate", "sample\SimpleGenerate\SimpleGenerate.csproj", "{096520D5-85EC-4AC5-BDE4-7F11B5874EDA}"
EndProject
Global
	GlobalSection(SolutionConfigurationPlatforms) = preSolution
		Debug|Any CPU = Debug|Any CPU
		Release|Any CPU = Release|Any CPU
	EndGlobalSection
	GlobalSection(ProjectConfigurationPlatforms) = postSolution
		{0850349B-4894-4190-B04C-EB6986529185}.Debug|Any CPU.ActiveCfg = Debug|Any CPU
		{0850349B-4894-4190-B04C-EB6986529185}.Debug|Any CPU.Build.0 = Debug|Any CPU
		{0850349B-4894-4190-B04C-EB6986529185}.Release|Any CPU.ActiveCfg = Release|Any CPU
		{0850349B-4894-4190-B04C-EB6986529185}.Release|Any CPU.Build.0 = Release|Any CPU
		{72A72621-F8FA-4A0F-845C-06F2BA2DB114}.Debug|Any CPU.ActiveCfg = Debug|Any CPU
		{72A72621-F8FA-4A0F-845C-06F2BA2DB114}.Debug|Any CPU.Build.0 = Debug|Any CPU
		{72A72621-F8FA-4A0F-845C-06F2BA2DB114}.Release|Any CPU.ActiveCfg = Release|Any CPU
		{72A72621-F8FA-4A0F-845C-06F2BA2DB114}.Release|Any CPU.Build.0 = Release|Any CPU
		{096520D5-85EC-4AC5-BDE4-7F11B5874EDA}.Debug|Any CPU.ActiveCfg = Debug|Any CPU
		{096520D5-85EC-4AC5-BDE4-7F11B5874EDA}.Debug|Any CPU.Build.0 = Debug|Any CPU
		{096520D5-85EC-4AC5-BDE4-7F11B5874EDA}.Release|Any CPU.ActiveCfg = Release|Any CPU
		{096520D5-85EC-4AC5-BDE4-7F11B5874EDA}.Release|Any CPU.Build.0 = Release|Any CPU
	EndGlobalSection
	GlobalSection(SolutionProperties) = preSolution
		HideSolutionNode = FALSE
	EndGlobalSection
	GlobalSection(NestedProjects) = preSolution
		{0850349B-4894-4190-B04C-EB6986529185} = {8C639322-95F9-438F-8B71-1890FB797E25}
		{72A72621-F8FA-4A0F-845C-06F2BA2DB114} = {C4DBE18B-7128-4E6E-B5C6-F18E4DA5D616}
		{096520D5-85EC-4AC5-BDE4-7F11B5874EDA} = {C4DBE18B-7128-4E6E-B5C6-F18E4DA5D616}
	EndGlobalSection
	GlobalSection(ExtensibilityGlobals) = postSolution
		SolutionGuid = {D0A3AD8D-B614-4A6D-AB7E-6A6993495E0F}
	EndGlobalSection
EndGlobal
