
Microsoft Visual Studio Solution File, Format Version 12.00
# Visual Studio Version 17
VisualStudioVersion = 17.1.32407.343
MinimumVisualStudioVersion = 10.0.40219.1
Project("{9A19103F-16F7-4668-BE54-9A1E7A4F7556}") = "SkiaSharp.QrCode", "src\SkiaSharp.QrCode\SkiaSharp.QrCode.csproj", "{0850349B-4894-4190-B04C-EB6986529185}"
EndProject
Project("{2150E333-8FDC-42A3-9474-1A3956D46DE8}") = "src", "src", "{8C639322-95F9-438F-8B71-1890FB797E25}"
EndProject
Project("{2150E333-8FDC-42A3-9474-1A3956D46DE8}") = "samples", "samples", "{C4DBE18B-7128-4E6E-B5C6-F18E4DA5D616}"
EndProject
Project("{9A19103F-16F7-4668-BE54-9A1E7A4F7556}") = "ManualGenerate", "samples\ManualGenerate\ManualGenerate.csproj", "{72A72621-F8FA-4A0F-845C-06F2BA2DB114}"
EndProject
Project("{9A19103F-16F7-4668-BE54-9A1E7A4F7556}") = "SimpleGenerate", "samples\SimpleGenerate\SimpleGenerate.csproj", "{096520D5-85EC-4AC5-BDE4-7F11B5874EDA}"
EndProject
Project("{2150E333-8FDC-42A3-9474-1A3956D46DE8}") = "tests", "tests", "{D411A8A1-96FC-495F-9583-4C154DF25240}"
EndProject
Project("{2150E333-8FDC-42A3-9474-1A3956D46DE8}") = "Solution Items", "Solution Items", "{AF981C34-65A3-48DB-BBFB-52EFE0F824AB}"
	ProjectSection(SolutionItems) = preProject
		.editorconfig = .editorconfig
		Directory.Build.props = Directory.Build.props
	EndProjectSection
EndProject
Project("{9A19103F-16F7-4668-BE54-9A1E7A4F7556}") = "NanoServerGenerate80", "samples\NanoServerGenerate80\NanoServerGenerate80.csproj", "{DE7C59CA-B61E-4D96-9EE5-E4526DB7AC68}"
EndProject
Project("{9A19103F-16F7-4668-BE54-9A1E7A4F7556}") = "SkiaSharp.QrCode.Tests", "tests\SkiaSharp.QrCode.Tests\SkiaSharp.QrCode.Tests.csproj", "{87908323-D0A3-41F7-AD98-C27F43FD1BDE}"
EndProject
Project("{FAE04EC0-301F-11D3-BF4B-00C04F79EFBC}") = "BlazorWasm", "samples\BlazorWasm\BlazorWasm.csproj", "{200C4531-C428-2E45-EA2C-E2AAE32CA603}"
EndProject
Global
	GlobalSection(SolutionConfigurationPlatforms) = preSolution
		Debug|Any CPU = Debug|Any CPU
		Release|Any CPU = Release|Any CPU
	EndGlobalSection
	GlobalSection(ProjectConfigurationPlatforms) = postSolution
		{0850349B-4894-4190-B04C-EB6986529185}.Debug|Any CPU.ActiveCfg = Debug|Any CPU
		{0850349B-4894-4190-B04C-EB6986529185}.Debug|Any CPU.Build.0 = Debug|Any CPU
		{0850349B-4894-4190-B04C-EB6986529185}.Release|Any CPU.ActiveCfg = Release|Any CPU
		{0850349B-4894-4190-B04C-EB6986529185}.Release|Any CPU.Build.0 = Release|Any CPU
		{72A72621-F8FA-4A0F-845C-06F2BA2DB114}.Debug|Any CPU.ActiveCfg = Debug|Any CPU
		{72A72621-F8FA-4A0F-845C-06F2BA2DB114}.Debug|Any CPU.Build.0 = Debug|Any CPU
		{72A72621-F8FA-4A0F-845C-06F2BA2DB114}.Release|Any CPU.ActiveCfg = Release|Any CPU
		{72A72621-F8FA-4A0F-845C-06F2BA2DB114}.Release|Any CPU.Build.0 = Release|Any CPU
		{096520D5-85EC-4AC5-BDE4-7F11B5874EDA}.Debug|Any CPU.ActiveCfg = Debug|Any CPU
		{096520D5-85EC-4AC5-BDE4-7F11B5874EDA}.Debug|Any CPU.Build.0 = Debug|Any CPU
		{096520D5-85EC-4AC5-BDE4-7F11B5874EDA}.Release|Any CPU.ActiveCfg = Release|Any CPU
		{096520D5-85EC-4AC5-BDE4-7F11B5874EDA}.Release|Any CPU.Build.0 = Release|Any CPU
		{DE7C59CA-B61E-4D96-9EE5-E4526DB7AC68}.Debug|Any CPU.ActiveCfg = Debug|Any CPU
		{DE7C59CA-B61E-4D96-9EE5-E4526DB7AC68}.Debug|Any CPU.Build.0 = Debug|Any CPU
		{DE7C59CA-B61E-4D96-9EE5-E4526DB7AC68}.Release|Any CPU.ActiveCfg = Release|Any CPU
		{DE7C59CA-B61E-4D96-9EE5-E4526DB7AC68}.Release|Any CPU.Build.0 = Release|Any CPU
		{87908323-D0A3-41F7-AD98-C27F43FD1BDE}.Debug|Any CPU.ActiveCfg = Debug|Any CPU
		{87908323-D0A3-41F7-AD98-C27F43FD1BDE}.Debug|Any CPU.Build.0 = Debug|Any CPU
		{87908323-D0A3-41F7-AD98-C27F43FD1BDE}.Release|Any CPU.ActiveCfg = Release|Any CPU
		{87908323-D0A3-41F7-AD98-C27F43FD1BDE}.Release|Any CPU.Build.0 = Release|Any CPU
		{200C4531-C428-2E45-EA2C-E2AAE32CA603}.Debug|Any CPU.ActiveCfg = Debug|Any CPU
		{200C4531-C428-2E45-EA2C-E2AAE32CA603}.Debug|Any CPU.Build.0 = Debug|Any CPU
		{200C4531-C428-2E45-EA2C-E2AAE32CA603}.Release|Any CPU.ActiveCfg = Release|Any CPU
		{200C4531-C428-2E45-EA2C-E2AAE32CA603}.Release|Any CPU.Build.0 = Release|Any CPU
	EndGlobalSection
	GlobalSection(SolutionProperties) = preSolution
		HideSolutionNode = FALSE
	EndGlobalSection
	GlobalSection(NestedProjects) = preSolution
		{0850349B-4894-4190-B04C-EB6986529185} = {8C639322-95F9-438F-8B71-1890FB797E25}
		{72A72621-F8FA-4A0F-845C-06F2BA2DB114} = {C4DBE18B-7128-4E6E-B5C6-F18E4DA5D616}
		{096520D5-85EC-4AC5-BDE4-7F11B5874EDA} = {C4DBE18B-7128-4E6E-B5C6-F18E4DA5D616}
		{DE7C59CA-B61E-4D96-9EE5-E4526DB7AC68} = {C4DBE18B-7128-4E6E-B5C6-F18E4DA5D616}
		{87908323-D0A3-41F7-AD98-C27F43FD1BDE} = {D411A8A1-96FC-495F-9583-4C154DF25240}
		{200C4531-C428-2E45-EA2C-E2AAE32CA603} = {C4DBE18B-7128-4E6E-B5C6-F18E4DA5D616}
	EndGlobalSection
	GlobalSection(ExtensibilityGlobals) = postSolution
		SolutionGuid = {D0A3AD8D-B614-4A6D-AB7E-6A6993495E0F}
	EndGlobalSection
EndGlobal
