
Microsoft Visual Studio Solution File, Format Version 12.00
# Visual Studio Version 16
VisualStudioVersion = 16.0.28407.52
MinimumVisualStudioVersion = 10.0.40219.1
Project("{9A19103F-16F7-4668-BE54-9A1E7A4F7556}") = "SkiaSharp.QrCode.SampleConsole", "SkiaSharp.QrCode.SampleConsole\SkiaSharp.QrCode.SampleConsole.csproj", "{C2BE9291-0910-4538-9415-C1F046EC9C10}"
EndProject
Global
	GlobalSection(SolutionConfigurationPlatforms) = preSolution
		Debug|Any CPU = Debug|Any CPU
		Release|Any CPU = Release|Any CPU
	EndGlobalSection
	GlobalSection(ProjectConfigurationPlatforms) = postSolution
		{C2BE9291-0910-4538-9415-C1F046EC9C10}.Debug|Any CPU.ActiveCfg = Debug|Any CPU
		{C2BE9291-0910-4538-9415-C1F046EC9C10}.Debug|Any CPU.Build.0 = Debug|Any CPU
		{C2BE9291-0910-4538-9415-C1F046EC9C10}.Release|Any CPU.ActiveCfg = Release|Any CPU
		{C2BE9291-0910-4538-9415-C1F046EC9C10}.Release|Any CPU.Build.0 = Release|Any CPU
	EndGlobalSection
	GlobalSection(SolutionProperties) = preSolution
		HideSolutionNode = FALSE
	EndGlobalSection
	GlobalSection(ExtensibilityGlobals) = postSolution
		SolutionGuid = {CA109252-1E97-4B7A-9AC7-382E27610030}
	EndGlobalSection
EndGlobal
